// !$*UTF8*$!
{
	archiveVersion = 1;
	classes = {
	};
	objectVersion = 50;
	objects = {

/* Begin PBXBuildFile section */
		E4775C413141B8ADB97A5E70 /* Pods_FictiveKin.framework in Frameworks */ = {isa = PBXBuildFile; fileRef = 3AADD64FC501B642F2D5301F /* Pods_FictiveKin.framework */; };
		E825775024ADC4E2000C5CD9 /* LoadingViewController.swift in Sources */ = {isa = PBXBuildFile; fileRef = E825774F24ADC4E2000C5CD9 /* LoadingViewController.swift */; };
		E825775224ADC570000C5CD9 /* UIViewController+Utils.swift in Sources */ = {isa = PBXBuildFile; fileRef = E825775124ADC570000C5CD9 /* UIViewController+Utils.swift */; };
		E825775424ADC7F7000C5CD9 /* ImageGridViewController.swift in Sources */ = {isa = PBXBuildFile; fileRef = E825775324ADC7F7000C5CD9 /* ImageGridViewController.swift */; };
		E825775624ADC954000C5CD9 /* UIConfig.swift in Sources */ = {isa = PBXBuildFile; fileRef = E825775524ADC954000C5CD9 /* UIConfig.swift */; };
		E825775824ADCA43000C5CD9 /* ImageCell.swift in Sources */ = {isa = PBXBuildFile; fileRef = E825775724ADCA43000C5CD9 /* ImageCell.swift */; };
		E825775B24ADCA6B000C5CD9 /* Texts.swift in Sources */ = {isa = PBXBuildFile; fileRef = E825775A24ADCA6B000C5CD9 /* Texts.swift */; };
		E825775D24ADCBE6000C5CD9 /* ImagesCollectionViewDataSource.swift in Sources */ = {isa = PBXBuildFile; fileRef = E825775C24ADCBE6000C5CD9 /* ImagesCollectionViewDataSource.swift */; };
		E825775F24ADD0A9000C5CD9 /* CellView.swift in Sources */ = {isa = PBXBuildFile; fileRef = E825775E24ADD0A9000C5CD9 /* CellView.swift */; };
		E825776124ADD102000C5CD9 /* NBPImageView.swift in Sources */ = {isa = PBXBuildFile; fileRef = E825776024ADD102000C5CD9 /* NBPImageView.swift */; };
		E825776324ADD1A2000C5CD9 /* NBPLabel.swift in Sources */ = {isa = PBXBuildFile; fileRef = E825776224ADD1A2000C5CD9 /* NBPLabel.swift */; };
		E825776524ADD43C000C5CD9 /* Constraints.swift in Sources */ = {isa = PBXBuildFile; fileRef = E825776424ADD43C000C5CD9 /* Constraints.swift */; };
		E825776724ADFDF1000C5CD9 /* MessageViewController.swift in Sources */ = {isa = PBXBuildFile; fileRef = E825776624ADFDF1000C5CD9 /* MessageViewController.swift */; };
		E8A511A424AE3896006FE1A5 /* FullImageViewController.swift in Sources */ = {isa = PBXBuildFile; fileRef = E8A511A324AE3896006FE1A5 /* FullImageViewController.swift */; };
		E8A511A624AE3991006FE1A5 /* NBPButton.swift in Sources */ = {isa = PBXBuildFile; fileRef = E8A511A524AE3991006FE1A5 /* NBPButton.swift */; };
		E8A511A824AE39FF006FE1A5 /* Images.swift in Sources */ = {isa = PBXBuildFile; fileRef = E8A511A724AE39FF006FE1A5 /* Images.swift */; };
		E8A511AA24AE4763006FE1A5 /* UIScrollView+Utils.swift in Sources */ = {isa = PBXBuildFile; fileRef = E8A511A924AE4763006FE1A5 /* UIScrollView+Utils.swift */; };
		E8A511AC24AE6706006FE1A5 /* UICollectionView+Utils.swift in Sources */ = {isa = PBXBuildFile; fileRef = E8A511AB24AE6706006FE1A5 /* UICollectionView+Utils.swift */; };
		E8A511B024AE6BB4006FE1A5 /* UIImageView+Utils.swift in Sources */ = {isa = PBXBuildFile; fileRef = E8A511AF24AE6BB4006FE1A5 /* UIImageView+Utils.swift */; };
		E8A511B224AE6D73006FE1A5 /* UIFont+Utils.swift in Sources */ = {isa = PBXBuildFile; fileRef = E8A511B124AE6D73006FE1A5 /* UIFont+Utils.swift */; };
		E8E91CD024ADB02600171C7E /* AppDelegate.swift in Sources */ = {isa = PBXBuildFile; fileRef = E8E91CCF24ADB02600171C7E /* AppDelegate.swift */; };
		E8E91CD224ADB02600171C7E /* SceneDelegate.swift in Sources */ = {isa = PBXBuildFile; fileRef = E8E91CD124ADB02600171C7E /* SceneDelegate.swift */; };
		E8E91CD724ADB02600171C7E /* Main.storyboard in Resources */ = {isa = PBXBuildFile; fileRef = E8E91CD524ADB02600171C7E /* Main.storyboard */; };
		E8E91CD924ADB02C00171C7E /* Assets.xcassets in Resources */ = {isa = PBXBuildFile; fileRef = E8E91CD824ADB02C00171C7E /* Assets.xcassets */; };
		E8E91CDC24ADB02C00171C7E /* LaunchScreen.storyboard in Resources */ = {isa = PBXBuildFile; fileRef = E8E91CDA24ADB02C00171C7E /* LaunchScreen.storyboard */; };
		E8E91CEF24ADB32B00171C7E /* NetworkService.swift in Sources */ = {isa = PBXBuildFile; fileRef = E8E91CEE24ADB32B00171C7E /* NetworkService.swift */; };
		E8E91CF124ADB44200171C7E /* DataFetch.swift in Sources */ = {isa = PBXBuildFile; fileRef = E8E91CF024ADB44200171C7E /* DataFetch.swift */; };
		E8E91CF324ADB47800171C7E /* UrlBuilder.swift in Sources */ = {isa = PBXBuildFile; fileRef = E8E91CF224ADB47800171C7E /* UrlBuilder.swift */; };
		E8E91CF524ADB58800171C7E /* JsonParser.swift in Sources */ = {isa = PBXBuildFile; fileRef = E8E91CF424ADB58800171C7E /* JsonParser.swift */; };
		E8E91CF724ADB60B00171C7E /* FullResponse.swift in Sources */ = {isa = PBXBuildFile; fileRef = E8E91CF624ADB60B00171C7E /* FullResponse.swift */; };
		E8E91CF924ADB62100171C7E /* Image.swift in Sources */ = {isa = PBXBuildFile; fileRef = E8E91CF824ADB62100171C7E /* Image.swift */; };
		E8E91CFB24ADB9CF00171C7E /* MainViewController.swift in Sources */ = {isa = PBXBuildFile; fileRef = E8E91CFA24ADB9CF00171C7E /* MainViewController.swift */; };
		E8E91CFD24ADBA0100171C7E /* Colors.swift in Sources */ = {isa = PBXBuildFile; fileRef = E8E91CFC24ADBA0100171C7E /* Colors.swift */; };
		E8E91CFF24ADBD4000171C7E /* SearchViewController.swift in Sources */ = {isa = PBXBuildFile; fileRef = E8E91CFE24ADBD4000171C7E /* SearchViewController.swift */; };
		E8E91D0224ADBE3200171C7E /* SearchLogicController.swift in Sources */ = {isa = PBXBuildFile; fileRef = E8E91D0124ADBE3200171C7E /* SearchLogicController.swift */; };
		E8E91D0424ADBE9A00171C7E /* ImageListViewModel.swift in Sources */ = {isa = PBXBuildFile; fileRef = E8E91D0324ADBE9A00171C7E /* ImageListViewModel.swift */; };
/* End PBXBuildFile section */

/* Begin PBXFileReference section */
		3AADD64FC501B642F2D5301F /* Pods_FictiveKin.framework */ = {isa = PBXFileReference; explicitFileType = wrapper.framework; includeInIndex = 0; path = Pods_FictiveKin.framework; sourceTree = BUILT_PRODUCTS_DIR; };
		5D8A4A380AF5517C559D90C8 /* Pods-FictiveKin.debug.xcconfig */ = {isa = PBXFileReference; includeInIndex = 1; lastKnownFileType = text.xcconfig; name = "Pods-FictiveKin.debug.xcconfig"; path = "Target Support Files/Pods-FictiveKin/Pods-FictiveKin.debug.xcconfig"; sourceTree = "<group>"; };
		6D2E16CF6A693ECC6DD37230 /* Pods-FictiveKin.release.xcconfig */ = {isa = PBXFileReference; includeInIndex = 1; lastKnownFileType = text.xcconfig; name = "Pods-FictiveKin.release.xcconfig"; path = "Target Support Files/Pods-FictiveKin/Pods-FictiveKin.release.xcconfig"; sourceTree = "<group>"; };
		E825774F24ADC4E2000C5CD9 /* LoadingViewController.swift */ = {isa = PBXFileReference; lastKnownFileType = sourcecode.swift; path = LoadingViewController.swift; sourceTree = "<group>"; };
		E825775124ADC570000C5CD9 /* UIViewController+Utils.swift */ = {isa = PBXFileReference; lastKnownFileType = sourcecode.swift; path = "UIViewController+Utils.swift"; sourceTree = "<group>"; };
		E825775324ADC7F7000C5CD9 /* ImageGridViewController.swift */ = {isa = PBXFileReference; lastKnownFileType = sourcecode.swift; path = ImageGridViewController.swift; sourceTree = "<group>"; };
		E825775524ADC954000C5CD9 /* UIConfig.swift */ = {isa = PBXFileReference; lastKnownFileType = sourcecode.swift; path = UIConfig.swift; sourceTree = "<group>"; };
		E825775724ADCA43000C5CD9 /* ImageCell.swift */ = {isa = PBXFileReference; lastKnownFileType = sourcecode.swift; path = ImageCell.swift; sourceTree = "<group>"; };
		E825775A24ADCA6B000C5CD9 /* Texts.swift */ = {isa = PBXFileReference; lastKnownFileType = sourcecode.swift; path = Texts.swift; sourceTree = "<group>"; };
		E825775C24ADCBE6000C5CD9 /* ImagesCollectionViewDataSource.swift */ = {isa = PBXFileReference; lastKnownFileType = sourcecode.swift; path = ImagesCollectionViewDataSource.swift; sourceTree = "<group>"; };
		E825775E24ADD0A9000C5CD9 /* CellView.swift */ = {isa = PBXFileReference; lastKnownFileType = sourcecode.swift; path = CellView.swift; sourceTree = "<group>"; };
		E825776024ADD102000C5CD9 /* NBPImageView.swift */ = {isa = PBXFileReference; lastKnownFileType = sourcecode.swift; path = NBPImageView.swift; sourceTree = "<group>"; };
		E825776224ADD1A2000C5CD9 /* NBPLabel.swift */ = {isa = PBXFileReference; lastKnownFileType = sourcecode.swift; path = NBPLabel.swift; sourceTree = "<group>"; };
		E825776424ADD43C000C5CD9 /* Constraints.swift */ = {isa = PBXFileReference; lastKnownFileType = sourcecode.swift; path = Constraints.swift; sourceTree = "<group>"; };
		E825776624ADFDF1000C5CD9 /* MessageViewController.swift */ = {isa = PBXFileReference; lastKnownFileType = sourcecode.swift; path = MessageViewController.swift; sourceTree = "<group>"; };
		E8A511A324AE3896006FE1A5 /* FullImageViewController.swift */ = {isa = PBXFileReference; lastKnownFileType = sourcecode.swift; path = FullImageViewController.swift; sourceTree = "<group>"; };
		E8A511A524AE3991006FE1A5 /* NBPButton.swift */ = {isa = PBXFileReference; lastKnownFileType = sourcecode.swift; path = NBPButton.swift; sourceTree = "<group>"; };
		E8A511A724AE39FF006FE1A5 /* Images.swift */ = {isa = PBXFileReference; lastKnownFileType = sourcecode.swift; path = Images.swift; sourceTree = "<group>"; };
		E8A511A924AE4763006FE1A5 /* UIScrollView+Utils.swift */ = {isa = PBXFileReference; lastKnownFileType = sourcecode.swift; path = "UIScrollView+Utils.swift"; sourceTree = "<group>"; };
		E8A511AB24AE6706006FE1A5 /* UICollectionView+Utils.swift */ = {isa = PBXFileReference; lastKnownFileType = sourcecode.swift; path = "UICollectionView+Utils.swift"; sourceTree = "<group>"; };
		E8A511AF24AE6BB4006FE1A5 /* UIImageView+Utils.swift */ = {isa = PBXFileReference; lastKnownFileType = sourcecode.swift; path = "UIImageView+Utils.swift"; sourceTree = "<group>"; };
		E8A511B124AE6D73006FE1A5 /* UIFont+Utils.swift */ = {isa = PBXFileReference; lastKnownFileType = sourcecode.swift; path = "UIFont+Utils.swift"; sourceTree = "<group>"; };
		E8E91CCC24ADB02600171C7E /* FictiveKin.app */ = {isa = PBXFileReference; explicitFileType = wrapper.application; includeInIndex = 0; path = FictiveKin.app; sourceTree = BUILT_PRODUCTS_DIR; };
		E8E91CCF24ADB02600171C7E /* AppDelegate.swift */ = {isa = PBXFileReference; lastKnownFileType = sourcecode.swift; path = AppDelegate.swift; sourceTree = "<group>"; };
		E8E91CD124ADB02600171C7E /* SceneDelegate.swift */ = {isa = PBXFileReference; lastKnownFileType = sourcecode.swift; path = SceneDelegate.swift; sourceTree = "<group>"; };
		E8E91CD624ADB02600171C7E /* Base */ = {isa = PBXFileReference; lastKnownFileType = file.storyboard; name = Base; path = Base.lproj/Main.storyboard; sourceTree = "<group>"; };
		E8E91CD824ADB02C00171C7E /* Assets.xcassets */ = {isa = PBXFileReference; lastKnownFileType = folder.assetcatalog; path = Assets.xcassets; sourceTree = "<group>"; };
		E8E91CDB24ADB02C00171C7E /* Base */ = {isa = PBXFileReference; lastKnownFileType = file.storyboard; name = Base; path = Base.lproj/LaunchScreen.storyboard; sourceTree = "<group>"; };
		E8E91CDD24ADB02C00171C7E /* Info.plist */ = {isa = PBXFileReference; lastKnownFileType = text.plist.xml; path = Info.plist; sourceTree = "<group>"; };
		E8E91CEE24ADB32B00171C7E /* NetworkService.swift */ = {isa = PBXFileReference; lastKnownFileType = sourcecode.swift; path = NetworkService.swift; sourceTree = "<group>"; };
		E8E91CF024ADB44200171C7E /* DataFetch.swift */ = {isa = PBXFileReference; lastKnownFileType = sourcecode.swift; path = DataFetch.swift; sourceTree = "<group>"; };
		E8E91CF224ADB47800171C7E /* UrlBuilder.swift */ = {isa = PBXFileReference; lastKnownFileType = sourcecode.swift; path = UrlBuilder.swift; sourceTree = "<group>"; };
		E8E91CF424ADB58800171C7E /* JsonParser.swift */ = {isa = PBXFileReference; lastKnownFileType = sourcecode.swift; path = JsonParser.swift; sourceTree = "<group>"; };
		E8E91CF624ADB60B00171C7E /* FullResponse.swift */ = {isa = PBXFileReference; lastKnownFileType = sourcecode.swift; path = FullResponse.swift; sourceTree = "<group>"; };
		E8E91CF824ADB62100171C7E /* Image.swift */ = {isa = PBXFileReference; lastKnownFileType = sourcecode.swift; path = Image.swift; sourceTree = "<group>"; };
		E8E91CFA24ADB9CF00171C7E /* MainViewController.swift */ = {isa = PBXFileReference; lastKnownFileType = sourcecode.swift; path = MainViewController.swift; sourceTree = "<group>"; };
		E8E91CFC24ADBA0100171C7E /* Colors.swift */ = {isa = PBXFileReference; lastKnownFileType = sourcecode.swift; path = Colors.swift; sourceTree = "<group>"; };
		E8E91CFE24ADBD4000171C7E /* SearchViewController.swift */ = {isa = PBXFileReference; lastKnownFileType = sourcecode.swift; path = SearchViewController.swift; sourceTree = "<group>"; };
		E8E91D0124ADBE3200171C7E /* SearchLogicController.swift */ = {isa = PBXFileReference; lastKnownFileType = sourcecode.swift; path = SearchLogicController.swift; sourceTree = "<group>"; };
		E8E91D0324ADBE9A00171C7E /* ImageListViewModel.swift */ = {isa = PBXFileReference; lastKnownFileType = sourcecode.swift; path = ImageListViewModel.swift; sourceTree = "<group>"; };
/* End PBXFileReference section */

/* Begin PBXFrameworksBuildPhase section */
		E8E91CC924ADB02500171C7E /* Frameworks */ = {
			isa = PBXFrameworksBuildPhase;
			buildActionMask = 2147483647;
			files = (
				E4775C413141B8ADB97A5E70 /* Pods_FictiveKin.framework in Frameworks */,
			);
			runOnlyForDeploymentPostprocessing = 0;
		};
/* End PBXFrameworksBuildPhase section */

/* Begin PBXGroup section */
		2F42D4E6F9AA141A12DEBCF4 /* Pods */ = {
			isa = PBXGroup;
			children = (
				5D8A4A380AF5517C559D90C8 /* Pods-FictiveKin.debug.xcconfig */,
				6D2E16CF6A693ECC6DD37230 /* Pods-FictiveKin.release.xcconfig */,
			);
			path = Pods;
			sourceTree = "<group>";
		};
		A683DE500854953183EFC983 /* Frameworks */ = {
			isa = PBXGroup;
			children = (
				3AADD64FC501B642F2D5301F /* Pods_FictiveKin.framework */,
			);
			name = Frameworks;
			sourceTree = "<group>";
		};
		E8E91CC324ADB02500171C7E = {
			isa = PBXGroup;
			children = (
				E8E91CCE24ADB02600171C7E /* FictiveKin */,
				E8E91CCD24ADB02600171C7E /* Products */,
				2F42D4E6F9AA141A12DEBCF4 /* Pods */,
				A683DE500854953183EFC983 /* Frameworks */,
			);
			sourceTree = "<group>";
		};
		E8E91CCD24ADB02600171C7E /* Products */ = {
			isa = PBXGroup;
			children = (
				E8E91CCC24ADB02600171C7E /* FictiveKin.app */,
			);
			name = Products;
			sourceTree = "<group>";
		};
		E8E91CCE24ADB02600171C7E /* FictiveKin */ = {
			isa = PBXGroup;
			children = (
				E8E91CED24ADB30500171C7E /* Constants */,
				E8E91CEC24ADB2FC00171C7E /* Utils */,
				E8E91CEB24ADB2F200171C7E /* Parsing */,
				E8E91CEA24ADB2E200171C7E /* Networking */,
				E8E91CE924ADB2CC00171C7E /* DataSource */,
				E8E91CE824ADB2BD00171C7E /* Models */,
				E8E91CE724ADB2AF00171C7E /* ViewModels */,
				E8E91CE624ADB29C00171C7E /* CustomViews */,
				E8E91CE524ADB28300171C7E /* Screens */,
				E8E91CE424ADB27D00171C7E /* GUI */,
				E8E91CE324ADB26D00171C7E /* Support */,
				E8E91CD824ADB02C00171C7E /* Assets.xcassets */,
				E8E91CDD24ADB02C00171C7E /* Info.plist */,
			);
			path = FictiveKin;
			sourceTree = "<group>";
		};
		E8E91CE324ADB26D00171C7E /* Support */ = {
			isa = PBXGroup;
			children = (
				E8E91CCF24ADB02600171C7E /* AppDelegate.swift */,
				E8E91CD124ADB02600171C7E /* SceneDelegate.swift */,
			);
			path = Support;
			sourceTree = "<group>";
		};
		E8E91CE424ADB27D00171C7E /* GUI */ = {
			isa = PBXGroup;
			children = (
				E8E91CD524ADB02600171C7E /* Main.storyboard */,
				E8E91CDA24ADB02C00171C7E /* LaunchScreen.storyboard */,
			);
			path = GUI;
			sourceTree = "<group>";
		};
		E8E91CE524ADB28300171C7E /* Screens */ = {
			isa = PBXGroup;
			children = (
				E8E91CFA24ADB9CF00171C7E /* MainViewController.swift */,
				E8E91D0024ADBE0300171C7E /* SearchController */,
				E825774F24ADC4E2000C5CD9 /* LoadingViewController.swift */,
				E825775324ADC7F7000C5CD9 /* ImageGridViewController.swift */,
				E825776624ADFDF1000C5CD9 /* MessageViewController.swift */,
				E8A511A324AE3896006FE1A5 /* FullImageViewController.swift */,
			);
			path = Screens;
			sourceTree = "<group>";
		};
		E8E91CE624ADB29C00171C7E /* CustomViews */ = {
			isa = PBXGroup;
			children = (
				E825775724ADCA43000C5CD9 /* ImageCell.swift */,
				E825775E24ADD0A9000C5CD9 /* CellView.swift */,
				E825776024ADD102000C5CD9 /* NBPImageView.swift */,
				E825776224ADD1A2000C5CD9 /* NBPLabel.swift */,
				E8A511A524AE3991006FE1A5 /* NBPButton.swift */,
			);
			path = CustomViews;
			sourceTree = "<group>";
		};
		E8E91CE724ADB2AF00171C7E /* ViewModels */ = {
			isa = PBXGroup;
			children = (
				E8E91D0324ADBE9A00171C7E /* ImageListViewModel.swift */,
			);
			path = ViewModels;
			sourceTree = "<group>";
		};
		E8E91CE824ADB2BD00171C7E /* Models */ = {
			isa = PBXGroup;
			children = (
				E8E91CF624ADB60B00171C7E /* FullResponse.swift */,
				E8E91CF824ADB62100171C7E /* Image.swift */,
			);
			path = Models;
			sourceTree = "<group>";
		};
		E8E91CE924ADB2CC00171C7E /* DataSource */ = {
			isa = PBXGroup;
			children = (
				E825775C24ADCBE6000C5CD9 /* ImagesCollectionViewDataSource.swift */,
			);
			path = DataSource;
			sourceTree = "<group>";
		};
		E8E91CEA24ADB2E200171C7E /* Networking */ = {
			isa = PBXGroup;
			children = (
				E8E91CEE24ADB32B00171C7E /* NetworkService.swift */,
				E8E91CF024ADB44200171C7E /* DataFetch.swift */,
				E8E91CF224ADB47800171C7E /* UrlBuilder.swift */,
			);
			path = Networking;
			sourceTree = "<group>";
		};
		E8E91CEB24ADB2F200171C7E /* Parsing */ = {
			isa = PBXGroup;
			children = (
				E8E91CF424ADB58800171C7E /* JsonParser.swift */,
			);
			path = Parsing;
			sourceTree = "<group>";
		};
		E8E91CEC24ADB2FC00171C7E /* Utils */ = {
			isa = PBXGroup;
			children = (
				E825775124ADC570000C5CD9 /* UIViewController+Utils.swift */,
				E825775524ADC954000C5CD9 /* UIConfig.swift */,
				E8A511A924AE4763006FE1A5 /* UIScrollView+Utils.swift */,
				E8A511AB24AE6706006FE1A5 /* UICollectionView+Utils.swift */,
				E8A511AF24AE6BB4006FE1A5 /* UIImageView+Utils.swift */,
				E8A511B124AE6D73006FE1A5 /* UIFont+Utils.swift */,
			);
			path = Utils;
			sourceTree = "<group>";
		};
		E8E91CED24ADB30500171C7E /* Constants */ = {
			isa = PBXGroup;
			children = (
				E8E91CFC24ADBA0100171C7E /* Colors.swift */,
				E825775A24ADCA6B000C5CD9 /* Texts.swift */,
				E825776424ADD43C000C5CD9 /* Constraints.swift */,
				E8A511A724AE39FF006FE1A5 /* Images.swift */,
			);
			path = Constants;
			sourceTree = "<group>";
		};
		E8E91D0024ADBE0300171C7E /* SearchController */ = {
			isa = PBXGroup;
			children = (
				E8E91CFE24ADBD4000171C7E /* SearchViewController.swift */,
				E8E91D0124ADBE3200171C7E /* SearchLogicController.swift */,
			);
			path = SearchController;
			sourceTree = "<group>";
		};
/* End PBXGroup section */

/* Begin PBXNativeTarget section */
		E8E91CCB24ADB02500171C7E /* FictiveKin */ = {
			isa = PBXNativeTarget;
			buildConfigurationList = E8E91CE024ADB02C00171C7E /* Build configuration list for PBXNativeTarget "FictiveKin" */;
			buildPhases = (
				A6FB6DC51A1CAF0B8577DF1B /* [CP] Check Pods Manifest.lock */,
				E8E91CC824ADB02500171C7E /* Sources */,
				E8E91CC924ADB02500171C7E /* Frameworks */,
				E8E91CCA24ADB02500171C7E /* Resources */,
				55EBE67856EDD7F25372AF7F /* [CP] Embed Pods Frameworks */,
			);
			buildRules = (
			);
			dependencies = (
			);
			name = FictiveKin;
			productName = FictiveKin;
			productReference = E8E91CCC24ADB02600171C7E /* FictiveKin.app */;
			productType = "com.apple.product-type.application";
		};
/* End PBXNativeTarget section */

/* Begin PBXProject section */
		E8E91CC424ADB02500171C7E /* Project object */ = {
			isa = PBXProject;
			attributes = {
				LastSwiftUpdateCheck = 1130;
				LastUpgradeCheck = 1130;
				ORGANIZATIONNAME = nbpApps;
				TargetAttributes = {
					E8E91CCB24ADB02500171C7E = {
						CreatedOnToolsVersion = 11.3;
					};
				};
			};
			buildConfigurationList = E8E91CC724ADB02500171C7E /* Build configuration list for PBXProject "FictiveKin" */;
			compatibilityVersion = "Xcode 9.3";
			developmentRegion = en;
			hasScannedForEncodings = 0;
			knownRegions = (
				en,
				Base,
			);
			mainGroup = E8E91CC324ADB02500171C7E;
			productRefGroup = E8E91CCD24ADB02600171C7E /* Products */;
			projectDirPath = "";
			projectRoot = "";
			targets = (
				E8E91CCB24ADB02500171C7E /* FictiveKin */,
			);
		};
/* End PBXProject section */

/* Begin PBXResourcesBuildPhase section */
		E8E91CCA24ADB02500171C7E /* Resources */ = {
			isa = PBXResourcesBuildPhase;
			buildActionMask = 2147483647;
			files = (
				E8E91CDC24ADB02C00171C7E /* LaunchScreen.storyboard in Resources */,
				E8E91CD924ADB02C00171C7E /* Assets.xcassets in Resources */,
				E8E91CD724ADB02600171C7E /* Main.storyboard in Resources */,
			);
			runOnlyForDeploymentPostprocessing = 0;
		};
/* End PBXResourcesBuildPhase section */

/* Begin PBXShellScriptBuildPhase section */
		55EBE67856EDD7F25372AF7F /* [CP] Embed Pods Frameworks */ = {
			isa = PBXShellScriptBuildPhase;
			buildActionMask = 2147483647;
			files = (
			);
			inputFileListPaths = (
			);
			inputPaths = (
				"${PODS_ROOT}/Target Support Files/Pods-FictiveKin/Pods-FictiveKin-frameworks.sh",
				"${BUILT_PRODUCTS_DIR}/Kingfisher/Kingfisher.framework",
			);
			name = "[CP] Embed Pods Frameworks";
			outputFileListPaths = (
			);
			outputPaths = (
				"${TARGET_BUILD_DIR}/${FRAMEWORKS_FOLDER_PATH}/Kingfisher.framework",
			);
			runOnlyForDeploymentPostprocessing = 0;
			shellPath = /bin/sh;
			shellScript = "\"${PODS_ROOT}/Target Support Files/Pods-FictiveKin/Pods-FictiveKin-frameworks.sh\"\n";
			showEnvVarsInLog = 0;
		};
		A6FB6DC51A1CAF0B8577DF1B /* [CP] Check Pods Manifest.lock */ = {
			isa = PBXShellScriptBuildPhase;
			buildActionMask = 2147483647;
			files = (
			);
			inputFileListPaths = (
			);
			inputPaths = (
				"${PODS_PODFILE_DIR_PATH}/Podfile.lock",
				"${PODS_ROOT}/Manifest.lock",
			);
			name = "[CP] Check Pods Manifest.lock";
			outputFileListPaths = (
			);
			outputPaths = (
				"$(DERIVED_FILE_DIR)/Pods-FictiveKin-checkManifestLockResult.txt",
			);
			runOnlyForDeploymentPostprocessing = 0;
			shellPath = /bin/sh;
			shellScript = "diff \"${PODS_PODFILE_DIR_PATH}/Podfile.lock\" \"${PODS_ROOT}/Manifest.lock\" > /dev/null\nif [ $? != 0 ] ; then\n    # print error to STDERR\n    echo \"error: The sandbox is not in sync with the Podfile.lock. Run 'pod install' or update your CocoaPods installation.\" >&2\n    exit 1\nfi\n# This output is used by Xcode 'outputs' to avoid re-running this script phase.\necho \"SUCCESS\" > \"${SCRIPT_OUTPUT_FILE_0}\"\n";
			showEnvVarsInLog = 0;
		};
/* End PBXShellScriptBuildPhase section */

/* Begin PBXSourcesBuildPhase section */
		E8E91CC824ADB02500171C7E /* Sources */ = {
			isa = PBXSourcesBuildPhase;
			buildActionMask = 2147483647;
			files = (
				E825775424ADC7F7000C5CD9 /* ImageGridViewController.swift in Sources */,
				E8E91CF924ADB62100171C7E /* Image.swift in Sources */,
				E8A511B024AE6BB4006FE1A5 /* UIImageView+Utils.swift in Sources */,
				E8E91D0424ADBE9A00171C7E /* ImageListViewModel.swift in Sources */,
				E825775D24ADCBE6000C5CD9 /* ImagesCollectionViewDataSource.swift in Sources */,
				E825776524ADD43C000C5CD9 /* Constraints.swift in Sources */,
				E8E91CFF24ADBD4000171C7E /* SearchViewController.swift in Sources */,
				E825775B24ADCA6B000C5CD9 /* Texts.swift in Sources */,
				E8E91D0224ADBE3200171C7E /* SearchLogicController.swift in Sources */,
				E8E91CFD24ADBA0100171C7E /* Colors.swift in Sources */,
				E825776724ADFDF1000C5CD9 /* MessageViewController.swift in Sources */,
				E8E91CF124ADB44200171C7E /* DataFetch.swift in Sources */,
				E8E91CD024ADB02600171C7E /* AppDelegate.swift in Sources */,
				E825775024ADC4E2000C5CD9 /* LoadingViewController.swift in Sources */,
				E8E91CF324ADB47800171C7E /* UrlBuilder.swift in Sources */,
				E8E91CEF24ADB32B00171C7E /* NetworkService.swift in Sources */,
				E825775824ADCA43000C5CD9 /* ImageCell.swift in Sources */,
				E8A511AC24AE6706006FE1A5 /* UICollectionView+Utils.swift in Sources */,
				E8E91CF524ADB58800171C7E /* JsonParser.swift in Sources */,
				E8E91CD224ADB02600171C7E /* SceneDelegate.swift in Sources */,
				E8E91CF724ADB60B00171C7E /* FullResponse.swift in Sources */,
				E8E91CFB24ADB9CF00171C7E /* MainViewController.swift in Sources */,
				E825775224ADC570000C5CD9 /* UIViewController+Utils.swift in Sources */,
				E8A511A824AE39FF006FE1A5 /* Images.swift in Sources */,
				E8A511A424AE3896006FE1A5 /* FullImageViewController.swift in Sources */,
				E825776124ADD102000C5CD9 /* NBPImageView.swift in Sources */,
				E8A511AA24AE4763006FE1A5 /* UIScrollView+Utils.swift in Sources */,
				E825775624ADC954000C5CD9 /* UIConfig.swift in Sources */,
				E825775F24ADD0A9000C5CD9 /* CellView.swift in Sources */,
				E8A511A624AE3991006FE1A5 /* NBPButton.swift in Sources */,
				E8A511B224AE6D73006FE1A5 /* UIFont+Utils.swift in Sources */,
				E825776324ADD1A2000C5CD9 /* NBPLabel.swift in Sources */,
			);
			runOnlyForDeploymentPostprocessing = 0;
		};
/* End PBXSourcesBuildPhase section */

/* Begin PBXVariantGroup section */
		E8E91CD524ADB02600171C7E /* Main.storyboard */ = {
			isa = PBXVariantGroup;
			children = (
				E8E91CD624ADB02600171C7E /* Base */,
			);
			name = Main.storyboard;
			sourceTree = "<group>";
		};
		E8E91CDA24ADB02C00171C7E /* LaunchScreen.storyboard */ = {
			isa = PBXVariantGroup;
			children = (
				E8E91CDB24ADB02C00171C7E /* Base */,
			);
			name = LaunchScreen.storyboard;
			sourceTree = "<group>";
		};
/* End PBXVariantGroup section */

/* Begin XCBuildConfiguration section */
		E8E91CDE24ADB02C00171C7E /* Debug */ = {
			isa = XCBuildConfiguration;
			buildSettings = {
				ALWAYS_SEARCH_USER_PATHS = NO;
				CLANG_ANALYZER_NONNULL = YES;
				CLANG_ANALYZER_NUMBER_OBJECT_CONVERSION = YES_AGGRESSIVE;
				CLANG_CXX_LANGUAGE_STANDARD = "gnu++14";
				CLANG_CXX_LIBRARY = "libc++";
				CLANG_ENABLE_MODULES = YES;
				CLANG_ENABLE_OBJC_ARC = YES;
				CLANG_ENABLE_OBJC_WEAK = YES;
				CLANG_WARN_BLOCK_CAPTURE_AUTORELEASING = YES;
				CLANG_WARN_BOOL_CONVERSION = YES;
				CLANG_WARN_COMMA = YES;
				CLANG_WARN_CONSTANT_CONVERSION = YES;
				CLANG_WARN_DEPRECATED_OBJC_IMPLEMENTATIONS = YES;
				CLANG_WARN_DIRECT_OBJC_ISA_USAGE = YES_ERROR;
				CLANG_WARN_DOCUMENTATION_COMMENTS = YES;
				CLANG_WARN_EMPTY_BODY = YES;
				CLANG_WARN_ENUM_CONVERSION = YES;
				CLANG_WARN_INFINITE_RECURSION = YES;
				CLANG_WARN_INT_CONVERSION = YES;
				CLANG_WARN_NON_LITERAL_NULL_CONVERSION = YES;
				CLANG_WARN_OBJC_IMPLICIT_RETAIN_SELF = YES;
				CLANG_WARN_OBJC_LITERAL_CONVERSION = YES;
				CLANG_WARN_OBJC_ROOT_CLASS = YES_ERROR;
				CLANG_WARN_RANGE_LOOP_ANALYSIS = YES;
				CLANG_WARN_STRICT_PROTOTYPES = YES;
				CLANG_WARN_SUSPICIOUS_MOVE = YES;
				CLANG_WARN_UNGUARDED_AVAILABILITY = YES_AGGRESSIVE;
				CLANG_WARN_UNREACHABLE_CODE = YES;
				CLANG_WARN__DUPLICATE_METHOD_MATCH = YES;
				COPY_PHASE_STRIP = NO;
				DEBUG_INFORMATION_FORMAT = dwarf;
				ENABLE_STRICT_OBJC_MSGSEND = YES;
				ENABLE_TESTABILITY = YES;
				GCC_C_LANGUAGE_STANDARD = gnu11;
				GCC_DYNAMIC_NO_PIC = NO;
				GCC_NO_COMMON_BLOCKS = YES;
				GCC_OPTIMIZATION_LEVEL = 0;
				GCC_PREPROCESSOR_DEFINITIONS = (
					"DEBUG=1",
					"$(inherited)",
				);
				GCC_WARN_64_TO_32_BIT_CONVERSION = YES;
				GCC_WARN_ABOUT_RETURN_TYPE = YES_ERROR;
				GCC_WARN_UNDECLARED_SELECTOR = YES;
				GCC_WARN_UNINITIALIZED_AUTOS = YES_AGGRESSIVE;
				GCC_WARN_UNUSED_FUNCTION = YES;
				GCC_WARN_UNUSED_VARIABLE = YES;
				IPHONEOS_DEPLOYMENT_TARGET = 13.2;
				MTL_ENABLE_DEBUG_INFO = INCLUDE_SOURCE;
				MTL_FAST_MATH = YES;
				ONLY_ACTIVE_ARCH = YES;
				SDKROOT = iphoneos;
				SWIFT_ACTIVE_COMPILATION_CONDITIONS = DEBUG;
				SWIFT_OPTIMIZATION_LEVEL = "-Onone";
			};
			name = Debug;
		};
		E8E91CDF24ADB02C00171C7E /* Release */ = {
			isa = XCBuildConfiguration;
			buildSettings = {
				ALWAYS_SEARCH_USER_PATHS = NO;
				CLANG_ANALYZER_NONNULL = YES;
				CLANG_ANALYZER_NUMBER_OBJECT_CONVERSION = YES_AGGRESSIVE;
				CLANG_CXX_LANGUAGE_STANDARD = "gnu++14";
				CLANG_CXX_LIBRARY = "libc++";
				CLANG_ENABLE_MODULES = YES;
				CLANG_ENABLE_OBJC_ARC = YES;
				CLANG_ENABLE_OBJC_WEAK = YES;
				CLANG_WARN_BLOCK_CAPTURE_AUTORELEASING = YES;
				CLANG_WARN_BOOL_CONVERSION = YES;
				CLANG_WARN_COMMA = YES;
				CLANG_WARN_CONSTANT_CONVERSION = YES;
				CLANG_WARN_DEPRECATED_OBJC_IMPLEMENTATIONS = YES;
				CLANG_WARN_DIRECT_OBJC_ISA_USAGE = YES_ERROR;
				CLANG_WARN_DOCUMENTATION_COMMENTS = YES;
				CLANG_WARN_EMPTY_BODY = YES;
				CLANG_WARN_ENUM_CONVERSION = YES;
				CLANG_WARN_INFINITE_RECURSION = YES;
				CLANG_WARN_INT_CONVERSION = YES;
				CLANG_WARN_NON_LITERAL_NULL_CONVERSION = YES;
				CLANG_WARN_OBJC_IMPLICIT_RETAIN_SELF = YES;
				CLANG_WARN_OBJC_LITERAL_CONVERSION = YES;
				CLANG_WARN_OBJC_ROOT_CLASS = YES_ERROR;
				CLANG_WARN_RANGE_LOOP_ANALYSIS = YES;
				CLANG_WARN_STRICT_PROTOTYPES = YES;
				CLANG_WARN_SUSPICIOUS_MOVE = YES;
				CLANG_WARN_UNGUARDED_AVAILABILITY = YES_AGGRESSIVE;
				CLANG_WARN_UNREACHABLE_CODE = YES;
				CLANG_WARN__DUPLICATE_METHOD_MATCH = YES;
				COPY_PHASE_STRIP = NO;
				DEBUG_INFORMATION_FORMAT = "dwarf-with-dsym";
				ENABLE_NS_ASSERTIONS = NO;
				ENABLE_STRICT_OBJC_MSGSEND = YES;
				GCC_C_LANGUAGE_STANDARD = gnu11;
				GCC_NO_COMMON_BLOCKS = YES;
				GCC_WARN_64_TO_32_BIT_CONVERSION = YES;
				GCC_WARN_ABOUT_RETURN_TYPE = YES_ERROR;
				GCC_WARN_UNDECLARED_SELECTOR = YES;
				GCC_WARN_UNINITIALIZED_AUTOS = YES_AGGRESSIVE;
				GCC_WARN_UNUSED_FUNCTION = YES;
				GCC_WARN_UNUSED_VARIABLE = YES;
				IPHONEOS_DEPLOYMENT_TARGET = 13.2;
				MTL_ENABLE_DEBUG_INFO = NO;
				MTL_FAST_MATH = YES;
				SDKROOT = iphoneos;
				SWIFT_COMPILATION_MODE = wholemodule;
				SWIFT_OPTIMIZATION_LEVEL = "-O";
				VALIDATE_PRODUCT = YES;
			};
			name = Release;
		};
		E8E91CE124ADB02C00171C7E /* Debug */ = {
			isa = XCBuildConfiguration;
			baseConfigurationReference = 5D8A4A380AF5517C559D90C8 /* Pods-FictiveKin.debug.xcconfig */;
			buildSettings = {
				ASSETCATALOG_COMPILER_APPICON_NAME = AppIcon;
				CODE_SIGN_STYLE = Automatic;
				DEVELOPMENT_TEAM = FRF56FF5QD;
				INFOPLIST_FILE = FictiveKin/Info.plist;
				IPHONEOS_DEPLOYMENT_TARGET = 13.0;
				LD_RUNPATH_SEARCH_PATHS = (
					"$(inherited)",
					"@executable_path/Frameworks",
				);
				PRODUCT_BUNDLE_IDENTIFIER = com.nbpapps.FictiveKin;
				PRODUCT_NAME = "$(TARGET_NAME)";
				SWIFT_VERSION = 5.0;
				TARGETED_DEVICE_FAMILY = 1;
			};
			name = Debug;
		};
		E8E91CE224ADB02C00171C7E /* Release */ = {
			isa = XCBuildConfiguration;
			baseConfigurationReference = 6D2E16CF6A693ECC6DD37230 /* Pods-FictiveKin.release.xcconfig */;
			buildSettings = {
				ASSETCATALOG_COMPILER_APPICON_NAME = AppIcon;
				CODE_SIGN_STYLE = Automatic;
				DEVELOPMENT_TEAM = FRF56FF5QD;
				INFOPLIST_FILE = FictiveKin/Info.plist;
				IPHONEOS_DEPLOYMENT_TARGET = 13.0;
				LD_RUNPATH_SEARCH_PATHS = (
					"$(inherited)",
					"@executable_path/Frameworks",
				);
				PRODUCT_BUNDLE_IDENTIFIER = com.nbpapps.FictiveKin;
				PRODUCT_NAME = "$(TARGET_NAME)";
				SWIFT_VERSION = 5.0;
				TARGETED_DEVICE_FAMILY = 1;
			};
			name = Release;
		};
/* End XCBuildConfiguration section */

/* Begin XCConfigurationList section */
		E8E91CC724ADB02500171C7E /* Build configuration list for PBXProject "FictiveKin" */ = {
			isa = XCConfigurationList;
			buildConfigurations = (
				E8E91CDE24ADB02C00171C7E /* Debug */,
				E8E91CDF24ADB02C00171C7E /* Release */,
			);
			defaultConfigurationIsVisible = 0;
			defaultConfigurationName = Release;
		};
		E8E91CE024ADB02C00171C7E /* Build configuration list for PBXNativeTarget "FictiveKin" */ = {
			isa = XCConfigurationList;
			buildConfigurations = (
				E8E91CE124ADB02C00171C7E /* Debug */,
				E8E91CE224ADB02C00171C7E /* Release */,
			);
			defaultConfigurationIsVisible = 0;
			defaultConfigurationName = Release;
		};
/* End XCConfigurationList section */
	};
	rootObject = E8E91CC424ADB02500171C7E /* Project object */;
}
